{
  "lockfileVersion": 1,
  "configVersion": 1,
  "workspaces": {
    "": {
      "name": "agentic-software-framework",
    },
    "packages/work-packet-cli": {
      "name": "@asf/work-packet-cli",
      "version": "0.1.0",
      "dependencies": {
        "@asf/work-packet-core": "workspace:*",
      },
    },
    "packages/work-packet-core": {
      "name": "@asf/work-packet-core",
      "version": "0.1.0",
    },
  },
  "packages": {
    "@asf/work-packet-cli": ["@asf/work-packet-cli@workspace:packages/work-packet-cli"],

    "@asf/work-packet-core": ["@asf/work-packet-core@workspace:packages/work-packet-core"],
  }
}
